
Microsoft Visual Studio Solution File, Format Version 12.00
# Visual Studio Version 17
VisualStudioVersion = 17.1.32210.238
MinimumVisualStudioVersion = 10.0.40219.1
Project("{FAE04EC0-301F-11D3-BF4B-00C04F79EFBC}") = "ContactTracer", "ContactTracer.csproj", "{CAECD3ED-9656-4FE3-9916-97CF6F89B2FC}"
EndProject
Global
	GlobalSection(SolutionConfigurationPlatforms) = preSolution
		Debug|Any CPU = Debug|Any CPU
		Release|Any CPU = Release|Any CPU
	EndGlobalSection
	GlobalSection(ProjectConfigurationPlatforms) = postSolution
		{CAECD3ED-9656-4FE3-9916-97CF6F89B2FC}.Debug|Any CPU.ActiveCfg = Debug|Any CPU
		{CAECD3ED-9656-4FE3-9916-97CF6F89B2FC}.Debug|Any CPU.Build.0 = Debug|Any CPU
		{CAECD3ED-9656-4FE3-9916-97CF6F89B2FC}.Release|Any CPU.ActiveCfg = Release|Any CPU
		{CAECD3ED-9656-4FE3-9916-97CF6F89B2FC}.Release|Any CPU.Build.0 = Release|Any CPU
	EndGlobalSection
	GlobalSection(SolutionProperties) = preSolution
		HideSolutionNode = FALSE
	EndGlobalSection
	GlobalSection(ExtensibilityGlobals) = postSolution
		SolutionGuid = {D7913B5C-1681-49FF-8595-E9471E25CF2C}
	EndGlobalSection
EndGlobal
